// !$*UTF8*$!
{
	archiveVersion = 1;
	classes = {
	};
	objectVersion = 51;
	objects = {

/* Begin PBXBuildFile section */
		4596496625BE06A000FF870F /* AppDelegate.swift in Sources */ = {isa = PBXBuildFile; fileRef = 4596496525BE06A000FF870F /* AppDelegate.swift */; };
		4596496825BE06A000FF870F /* SceneDelegate.swift in Sources */ = {isa = PBXBuildFile; fileRef = 4596496725BE06A000FF870F /* SceneDelegate.swift */; };
		4596496D25BE06A000FF870F /* Main.storyboard in Resources */ = {isa = PBXBuildFile; fileRef = 4596496B25BE06A000FF870F /* Main.storyboard */; };
		4596496F25BE06A200FF870F /* Assets.xcassets in Resources */ = {isa = PBXBuildFile; fileRef = 4596496E25BE06A200FF870F /* Assets.xcassets */; };
		4596497225BE06A200FF870F /* LaunchScreen.storyboard in Resources */ = {isa = PBXBuildFile; fileRef = 4596497025BE06A200FF870F /* LaunchScreen.storyboard */; };
		4596499B25BE089800FF870F /* WorkCollectionViewCell.swift in Sources */ = {isa = PBXBuildFile; fileRef = 4596499225BE089800FF870F /* WorkCollectionViewCell.swift */; };
		4596499C25BE089800FF870F /* AppearanceCollectionViewCell.swift in Sources */ = {isa = PBXBuildFile; fileRef = 4596499325BE089800FF870F /* AppearanceCollectionViewCell.swift */; };
		4596499D25BE089800FF870F /* ConnectionsCollectionViewCell.swift in Sources */ = {isa = PBXBuildFile; fileRef = 4596499425BE089800FF870F /* ConnectionsCollectionViewCell.swift */; };
		4596499E25BE089800FF870F /* HeroTableViewCell.swift in Sources */ = {isa = PBXBuildFile; fileRef = 4596499525BE089800FF870F /* HeroTableViewCell.swift */; };
		45CFF02225BE1C6A003E9AE4 /* HeroDetailsViewController.swift in Sources */ = {isa = PBXBuildFile; fileRef = 45CFF02025BE1C6A003E9AE4 /* HeroDetailsViewController.swift */; };
		45CFF02325BE1C6A003E9AE4 /* HerosViewController.swift in Sources */ = {isa = PBXBuildFile; fileRef = 45CFF02125BE1C6A003E9AE4 /* HerosViewController.swift */; };
		B6753D7DD4313DF090CD2F3F /* Pods_DDAssignment.framework in Frameworks */ = {isa = PBXBuildFile; fileRef = FDC76B7F60E61B9A4E1D4975 /* Pods_DDAssignment.framework */; };
/* End PBXBuildFile section */

/* Begin PBXFileReference section */
		4596496225BE06A000FF870F /* DDAssignment.app */ = {isa = PBXFileReference; explicitFileType = wrapper.application; includeInIndex = 0; path = DDAssignment.app; sourceTree = BUILT_PRODUCTS_DIR; };
		4596496525BE06A000FF870F /* AppDelegate.swift */ = {isa = PBXFileReference; lastKnownFileType = sourcecode.swift; path = AppDelegate.swift; sourceTree = "<group>"; };
		4596496725BE06A000FF870F /* SceneDelegate.swift */ = {isa = PBXFileReference; lastKnownFileType = sourcecode.swift; path = SceneDelegate.swift; sourceTree = "<group>"; };
		4596496C25BE06A000FF870F /* Base */ = {isa = PBXFileReference; lastKnownFileType = file.storyboard; name = Base; path = Base.lproj/Main.storyboard; sourceTree = "<group>"; };
		4596496E25BE06A200FF870F /* Assets.xcassets */ = {isa = PBXFileReference; lastKnownFileType = folder.assetcatalog; path = Assets.xcassets; sourceTree = "<group>"; };
		4596497125BE06A200FF870F /* Base */ = {isa = PBXFileReference; lastKnownFileType = file.storyboard; name = Base; path = Base.lproj/LaunchScreen.storyboard; sourceTree = "<group>"; };
		4596497325BE06A200FF870F /* Info.plist */ = {isa = PBXFileReference; lastKnownFileType = text.plist.xml; path = Info.plist; sourceTree = "<group>"; };
		4596499225BE089800FF870F /* WorkCollectionViewCell.swift */ = {isa = PBXFileReference; fileEncoding = 4; lastKnownFileType = sourcecode.swift; path = WorkCollectionViewCell.swift; sourceTree = "<group>"; };
		4596499325BE089800FF870F /* AppearanceCollectionViewCell.swift */ = {isa = PBXFileReference; fileEncoding = 4; lastKnownFileType = sourcecode.swift; path = AppearanceCollectionViewCell.swift; sourceTree = "<group>"; };
		4596499425BE089800FF870F /* ConnectionsCollectionViewCell.swift */ = {isa = PBXFileReference; fileEncoding = 4; lastKnownFileType = sourcecode.swift; path = ConnectionsCollectionViewCell.swift; sourceTree = "<group>"; };
		4596499525BE089800FF870F /* HeroTableViewCell.swift */ = {isa = PBXFileReference; fileEncoding = 4; lastKnownFileType = sourcecode.swift; path = HeroTableViewCell.swift; sourceTree = "<group>"; };
		45CFF02025BE1C6A003E9AE4 /* HeroDetailsViewController.swift */ = {isa = PBXFileReference; fileEncoding = 4; lastKnownFileType = sourcecode.swift; path = HeroDetailsViewController.swift; sourceTree = "<group>"; };
		45CFF02125BE1C6A003E9AE4 /* HerosViewController.swift */ = {isa = PBXFileReference; fileEncoding = 4; lastKnownFileType = sourcecode.swift; path = HerosViewController.swift; sourceTree = "<group>"; };
		931225E340298AEB12DCC1AF /* Pods-DDAssignment.debug.xcconfig */ = {isa = PBXFileReference; includeInIndex = 1; lastKnownFileType = text.xcconfig; name = "Pods-DDAssignment.debug.xcconfig"; path = "Target Support Files/Pods-DDAssignment/Pods-DDAssignment.debug.xcconfig"; sourceTree = "<group>"; };
		F3EF668BBB26E830E13BB051 /* Pods-DDAssignment.release.xcconfig */ = {isa = PBXFileReference; includeInIndex = 1; lastKnownFileType = text.xcconfig; name = "Pods-DDAssignment.release.xcconfig"; path = "Target Support Files/Pods-DDAssignment/Pods-DDAssignment.release.xcconfig"; sourceTree = "<group>"; };
		FDC76B7F60E61B9A4E1D4975 /* Pods_DDAssignment.framework */ = {isa = PBXFileReference; explicitFileType = wrapper.framework; includeInIndex = 0; path = Pods_DDAssignment.framework; sourceTree = BUILT_PRODUCTS_DIR; };
/* End PBXFileReference section */

/* Begin PBXFrameworksBuildPhase section */
		4596495F25BE06A000FF870F /* Frameworks */ = {
			isa = PBXFrameworksBuildPhase;
			buildActionMask = 2147483647;
			files = (
				B6753D7DD4313DF090CD2F3F /* Pods_DDAssignment.framework in Frameworks */,
			);
			runOnlyForDeploymentPostprocessing = 0;
		};
/* End PBXFrameworksBuildPhase section */

/* Begin PBXGroup section */
		4596495925BE06A000FF870F = {
			isa = PBXGroup;
			children = (
				4596496425BE06A000FF870F /* DDAssignment */,
				4596496325BE06A000FF870F /* Products */,
				799A5AE8F7BAE399F61EE760 /* Pods */,
				7ADDE070330B89A0A56550BB /* Frameworks */,
			);
			sourceTree = "<group>";
		};
		4596496325BE06A000FF870F /* Products */ = {
			isa = PBXGroup;
			children = (
				4596496225BE06A000FF870F /* DDAssignment.app */,
			);
			name = Products;
			sourceTree = "<group>";
		};
		4596496425BE06A000FF870F /* DDAssignment */ = {
			isa = PBXGroup;
			children = (
				4596499125BE089800FF870F /* cells */,
				4596499625BE089800FF870F /* vcs */,
				4596496525BE06A000FF870F /* AppDelegate.swift */,
				4596496725BE06A000FF870F /* SceneDelegate.swift */,
				4596496B25BE06A000FF870F /* Main.storyboard */,
				4596496E25BE06A200FF870F /* Assets.xcassets */,
				4596497025BE06A200FF870F /* LaunchScreen.storyboard */,
				4596497325BE06A200FF870F /* Info.plist */,
			);
			path = DDAssignment;
			sourceTree = "<group>";
		};
		4596499125BE089800FF870F /* cells */ = {
			isa = PBXGroup;
			children = (
				4596499225BE089800FF870F /* WorkCollectionViewCell.swift */,
				4596499325BE089800FF870F /* AppearanceCollectionViewCell.swift */,
				4596499425BE089800FF870F /* ConnectionsCollectionViewCell.swift */,
				4596499525BE089800FF870F /* HeroTableViewCell.swift */,
			);
			path = cells;
			sourceTree = "<group>";
		};
		4596499625BE089800FF870F /* vcs */ = {
			isa = PBXGroup;
			children = (
				45CFF02025BE1C6A003E9AE4 /* HeroDetailsViewController.swift */,
				45CFF02125BE1C6A003E9AE4 /* HerosViewController.swift */,
			);
			path = vcs;
			sourceTree = "<group>";
		};
		799A5AE8F7BAE399F61EE760 /* Pods */ = {
			isa = PBXGroup;
			children = (
				931225E340298AEB12DCC1AF /* Pods-DDAssignment.debug.xcconfig */,
				F3EF668BBB26E830E13BB051 /* Pods-DDAssignment.release.xcconfig */,
			);
			path = Pods;
			sourceTree = "<group>";
		};
		7ADDE070330B89A0A56550BB /* Frameworks */ = {
			isa = PBXGroup;
			children = (
				FDC76B7F60E61B9A4E1D4975 /* Pods_DDAssignment.framework */,
			);
			name = Frameworks;
			sourceTree = "<group>";
		};
/* End PBXGroup section */

/* Begin PBXNativeTarget section */
		4596496125BE06A000FF870F /* DDAssignment */ = {
			isa = PBXNativeTarget;
			buildConfigurationList = 4596497625BE06A200FF870F /* Build configuration list for PBXNativeTarget "DDAssignment" */;
			buildPhases = (
				BBF0C7F6AFC4F882D5313F28 /* [CP] Check Pods Manifest.lock */,
				4596495E25BE06A000FF870F /* Sources */,
				4596495F25BE06A000FF870F /* Frameworks */,
				4596496025BE06A000FF870F /* Resources */,
				07C19C6E80ABB79DFB21D5F0 /* [CP] Embed Pods Frameworks */,
			);
			buildRules = (
			);
			dependencies = (
			);
			name = DDAssignment;
			productName = DDAssignment;
			productReference = 4596496225BE06A000FF870F /* DDAssignment.app */;
			productType = "com.apple.product-type.application";
		};
/* End PBXNativeTarget section */

/* Begin PBXProject section */
		4596495A25BE06A000FF870F /* Project object */ = {
			isa = PBXProject;
			attributes = {
				LastSwiftUpdateCheck = 1230;
				LastUpgradeCheck = 1230;
				TargetAttributes = {
					4596496125BE06A000FF870F = {
						CreatedOnToolsVersion = 12.3;
					};
				};
			};
			buildConfigurationList = 4596495D25BE06A000FF870F /* Build configuration list for PBXProject "DDAssignment" */;
			compatibilityVersion = "Xcode 9.3";
			developmentRegion = en;
			hasScannedForEncodings = 0;
			knownRegions = (
				en,
				Base,
			);
			mainGroup = 4596495925BE06A000FF870F;
			productRefGroup = 4596496325BE06A000FF870F /* Products */;
			projectDirPath = "";
			projectRoot = "";
			targets = (
				4596496125BE06A000FF870F /* DDAssignment */,
			);
		};
/* End PBXProject section */

/* Begin PBXResourcesBuildPhase section */
		4596496025BE06A000FF870F /* Resources */ = {
			isa = PBXResourcesBuildPhase;
			buildActionMask = 2147483647;
			files = (
				4596497225BE06A200FF870F /* LaunchScreen.storyboard in Resources */,
				4596496F25BE06A200FF870F /* Assets.xcassets in Resources */,
				4596496D25BE06A000FF870F /* Main.storyboard in Resources */,
			);
			runOnlyForDeploymentPostprocessing = 0;
		};
/* End PBXResourcesBuildPhase section */

/* Begin PBXShellScriptBuildPhase section */
		07C19C6E80ABB79DFB21D5F0 /* [CP] Embed Pods Frameworks */ = {
			isa = PBXShellScriptBuildPhase;
			buildActionMask = 2147483647;
			files = (
			);
			inputFileListPaths = (
				"${PODS_ROOT}/Target Support Files/Pods-DDAssignment/Pods-DDAssignment-frameworks-${CONFIGURATION}-input-files.xcfilelist",
			);
			name = "[CP] Embed Pods Frameworks";
			outputFileListPaths = (
				"${PODS_ROOT}/Target Support Files/Pods-DDAssignment/Pods-DDAssignment-frameworks-${CONFIGURATION}-output-files.xcfilelist",
			);
			runOnlyForDeploymentPostprocessing = 0;
			shellPath = /bin/sh;
			shellScript = "\"${PODS_ROOT}/Target Support Files/Pods-DDAssignment/Pods-DDAssignment-frameworks.sh\"\n";
			showEnvVarsInLog = 0;
		};
		BBF0C7F6AFC4F882D5313F28 /* [CP] Check Pods Manifest.lock */ = {
			isa = PBXShellScriptBuildPhase;
			buildActionMask = 2147483647;
			files = (
			);
			inputFileListPaths = (
			);
			inputPaths = (
				"${PODS_PODFILE_DIR_PATH}/Podfile.lock",
				"${PODS_ROOT}/Manifest.lock",
			);
			name = "[CP] Check Pods Manifest.lock";
			outputFileListPaths = (
			);
			outputPaths = (
				"$(DERIVED_FILE_DIR)/Pods-DDAssignment-checkManifestLockResult.txt",
			);
			runOnlyForDeploymentPostprocessing = 0;
			shellPath = /bin/sh;
			shellScript = "diff \"${PODS_PODFILE_DIR_PATH}/Podfile.lock\" \"${PODS_ROOT}/Manifest.lock\" > /dev/null\nif [ $? != 0 ] ; then\n    # print error to STDERR\n    echo \"error: The sandbox is not in sync with the Podfile.lock. Run 'pod install' or update your CocoaPods installation.\" >&2\n    exit 1\nfi\n# This output is used by Xcode 'outputs' to avoid re-running this script phase.\necho \"SUCCESS\" > \"${SCRIPT_OUTPUT_FILE_0}\"\n";
			showEnvVarsInLog = 0;
		};
/* End PBXShellScriptBuildPhase section */

/* Begin PBXSourcesBuildPhase section */
		4596495E25BE06A000FF870F /* Sources */ = {
			isa = PBXSourcesBuildPhase;
			buildActionMask = 2147483647;
			files = (
				4596499B25BE089800FF870F /* WorkCollectionViewCell.swift in Sources */,
				4596499C25BE089800FF870F /* AppearanceCollectionViewCell.swift in Sources */,
				45CFF02225BE1C6A003E9AE4 /* HeroDetailsViewController.swift in Sources */,
				4596496625BE06A000FF870F /* AppDelegate.swift in Sources */,
				45CFF02325BE1C6A003E9AE4 /* HerosViewController.swift in Sources */,
				4596499D25BE089800FF870F /* ConnectionsCollectionViewCell.swift in Sources */,
				4596499E25BE089800FF870F /* HeroTableViewCell.swift in Sources */,
				4596496825BE06A000FF870F /* SceneDelegate.swift in Sources */,
			);
			runOnlyForDeploymentPostprocessing = 0;
		};
/* End PBXSourcesBuildPhase section */

/* Begin PBXVariantGroup section */
		4596496B25BE06A000FF870F /* Main.storyboard */ = {
			isa = PBXVariantGroup;
			children = (
				4596496C25BE06A000FF870F /* Base */,
			);
			name = Main.storyboard;
			sourceTree = "<group>";
		};
		4596497025BE06A200FF870F /* LaunchScreen.storyboard */ = {
			isa = PBXVariantGroup;
			children = (
				4596497125BE06A200FF870F /* Base */,
			);
			name = LaunchScreen.storyboard;
			sourceTree = "<group>";
		};
/* End PBXVariantGroup section */

/* Begin XCBuildConfiguration section */
		4596497425BE06A200FF870F /* Debug */ = {
			isa = XCBuildConfiguration;
			buildSettings = {
				ALWAYS_SEARCH_USER_PATHS = NO;
				CLANG_ANALYZER_NONNULL = YES;
				CLANG_ANALYZER_NUMBER_OBJECT_CONVERSION = YES_AGGRESSIVE;
				CLANG_CXX_LANGUAGE_STANDARD = "gnu++14";
				CLANG_CXX_LIBRARY = "libc++";
				CLANG_ENABLE_MODULES = YES;
				CLANG_ENABLE_OBJC_ARC = YES;
				CLANG_ENABLE_OBJC_WEAK = YES;
				CLANG_WARN_BLOCK_CAPTURE_AUTORELEASING = YES;
				CLANG_WARN_BOOL_CONVERSION = YES;
				CLANG_WARN_COMMA = YES;
				CLANG_WARN_CONSTANT_CONVERSION = YES;
				CLANG_WARN_DEPRECATED_OBJC_IMPLEMENTATIONS = YES;
				CLANG_WARN_DIRECT_OBJC_ISA_USAGE = YES_ERROR;
				CLANG_WARN_DOCUMENTATION_COMMENTS = YES;
				CLANG_WARN_EMPTY_BODY = YES;
				CLANG_WARN_ENUM_CONVERSION = YES;
				CLANG_WARN_INFINITE_RECURSION = YES;
				CLANG_WARN_INT_CONVERSION = YES;
				CLANG_WARN_NON_LITERAL_NULL_CONVERSION = YES;
				CLANG_WARN_OBJC_IMPLICIT_RETAIN_SELF = YES;
				CLANG_WARN_OBJC_LITERAL_CONVERSION = YES;
				CLANG_WARN_OBJC_ROOT_CLASS = YES_ERROR;
				CLANG_WARN_QUOTED_INCLUDE_IN_FRAMEWORK_HEADER = YES;
				CLANG_WARN_RANGE_LOOP_ANALYSIS = YES;
				CLANG_WARN_STRICT_PROTOTYPES = YES;
				CLANG_WARN_SUSPICIOUS_MOVE = YES;
				CLANG_WARN_UNGUARDED_AVAILABILITY = YES_AGGRESSIVE;
				CLANG_WARN_UNREACHABLE_CODE = YES;
				CLANG_WARN__DUPLICATE_METHOD_MATCH = YES;
				COPY_PHASE_STRIP = NO;
				DEBUG_INFORMATION_FORMAT = dwarf;
				ENABLE_STRICT_OBJC_MSGSEND = YES;
				ENABLE_TESTABILITY = YES;
				GCC_C_LANGUAGE_STANDARD = gnu11;
				GCC_DYNAMIC_NO_PIC = NO;
				GCC_NO_COMMON_BLOCKS = YES;
				GCC_OPTIMIZATION_LEVEL = 0;
				GCC_PREPROCESSOR_DEFINITIONS = (
					"DEBUG=1",
					"$(inherited)",
				);
				GCC_WARN_64_TO_32_BIT_CONVERSION = YES;
				GCC_WARN_ABOUT_RETURN_TYPE = YES_ERROR;
				GCC_WARN_UNDECLARED_SELECTOR = YES;
				GCC_WARN_UNINITIALIZED_AUTOS = YES_AGGRESSIVE;
				GCC_WARN_UNUSED_FUNCTION = YES;
				GCC_WARN_UNUSED_VARIABLE = YES;
				IPHONEOS_DEPLOYMENT_TARGET = 14.3;
				MTL_ENABLE_DEBUG_INFO = INCLUDE_SOURCE;
				MTL_FAST_MATH = YES;
				ONLY_ACTIVE_ARCH = YES;
				SDKROOT = iphoneos;
				SWIFT_ACTIVE_COMPILATION_CONDITIONS = DEBUG;
				SWIFT_OPTIMIZATION_LEVEL = "-Onone";
			};
			name = Debug;
		};
		4596497525BE06A200FF870F /* Release */ = {
			isa = XCBuildConfiguration;
			buildSettings = {
				ALWAYS_SEARCH_USER_PATHS = NO;
				CLANG_ANALYZER_NONNULL = YES;
				CLANG_ANALYZER_NUMBER_OBJECT_CONVERSION = YES_AGGRESSIVE;
				CLANG_CXX_LANGUAGE_STANDARD = "gnu++14";
				CLANG_CXX_LIBRARY = "libc++";
				CLANG_ENABLE_MODULES = YES;
				CLANG_ENABLE_OBJC_ARC = YES;
				CLANG_ENABLE_OBJC_WEAK = YES;
				CLANG_WARN_BLOCK_CAPTURE_AUTORELEASING = YES;
				CLANG_WARN_BOOL_CONVERSION = YES;
				CLANG_WARN_COMMA = YES;
				CLANG_WARN_CONSTANT_CONVERSION = YES;
				CLANG_WARN_DEPRECATED_OBJC_IMPLEMENTATIONS = YES;
				CLANG_WARN_DIRECT_OBJC_ISA_USAGE = YES_ERROR;
				CLANG_WARN_DOCUMENTATION_COMMENTS = YES;
				CLANG_WARN_EMPTY_BODY = YES;
				CLANG_WARN_ENUM_CONVERSION = YES;
				CLANG_WARN_INFINITE_RECURSION = YES;
				CLANG_WARN_INT_CONVERSION = YES;
				CLANG_WARN_NON_LITERAL_NULL_CONVERSION = YES;
				CLANG_WARN_OBJC_IMPLICIT_RETAIN_SELF = YES;
				CLANG_WARN_OBJC_LITERAL_CONVERSION = YES;
				CLANG_WARN_OBJC_ROOT_CLASS = YES_ERROR;
				CLANG_WARN_QUOTED_INCLUDE_IN_FRAMEWORK_HEADER = YES;
				CLANG_WARN_RANGE_LOOP_ANALYSIS = YES;
				CLANG_WARN_STRICT_PROTOTYPES = YES;
				CLANG_WARN_SUSPICIOUS_MOVE = YES;
				CLANG_WARN_UNGUARDED_AVAILABILITY = YES_AGGRESSIVE;
				CLANG_WARN_UNREACHABLE_CODE = YES;
				CLANG_WARN__DUPLICATE_METHOD_MATCH = YES;
				COPY_PHASE_STRIP = NO;
				DEBUG_INFORMATION_FORMAT = "dwarf-with-dsym";
				ENABLE_NS_ASSERTIONS = NO;
				ENABLE_STRICT_OBJC_MSGSEND = YES;
				GCC_C_LANGUAGE_STANDARD = gnu11;
				GCC_NO_COMMON_BLOCKS = YES;
				GCC_WARN_64_TO_32_BIT_CONVERSION = YES;
				GCC_WARN_ABOUT_RETURN_TYPE = YES_ERROR;
				GCC_WARN_UNDECLARED_SELECTOR = YES;
				GCC_WARN_UNINITIALIZED_AUTOS = YES_AGGRESSIVE;
				GCC_WARN_UNUSED_FUNCTION = YES;
				GCC_WARN_UNUSED_VARIABLE = YES;
				IPHONEOS_DEPLOYMENT_TARGET = 14.3;
				MTL_ENABLE_DEBUG_INFO = NO;
				MTL_FAST_MATH = YES;
				SDKROOT = iphoneos;
				SWIFT_COMPILATION_MODE = wholemodule;
				SWIFT_OPTIMIZATION_LEVEL = "-O";
				VALIDATE_PRODUCT = YES;
			};
			name = Release;
		};
		4596497725BE06A200FF870F /* Debug */ = {
			isa = XCBuildConfiguration;
			baseConfigurationReference = 931225E340298AEB12DCC1AF /* Pods-DDAssignment.debug.xcconfig */;
			buildSettings = {
				ASSETCATALOG_COMPILER_APPICON_NAME = AppIcon;
				ASSETCATALOG_COMPILER_GLOBAL_ACCENT_COLOR_NAME = AccentColor;
				CODE_SIGN_STYLE = Automatic;
				DEVELOPMENT_TEAM = XP4S6DXCPW;
				INFOPLIST_FILE = DDAssignment/Info.plist;
				LD_RUNPATH_SEARCH_PATHS = (
					"$(inherited)",
					"@executable_path/Frameworks",
				);
				PRODUCT_BUNDLE_IDENTIFIER = com.test.test.DDAssignment;
				PRODUCT_NAME = "$(TARGET_NAME)";
				SWIFT_VERSION = 5.0;
				TARGETED_DEVICE_FAMILY = 1;
			};
			name = Debug;
		};
		4596497825BE06A200FF870F /* Release */ = {
			isa = XCBuildConfiguration;
			baseConfigurationReference = F3EF668BBB26E830E13BB051 /* Pods-DDAssignment.release.xcconfig */;
			buildSettings = {
				ASSETCATALOG_COMPILER_APPICON_NAME = AppIcon;
				ASSETCATALOG_COMPILER_GLOBAL_ACCENT_COLOR_NAME = AccentColor;
				CODE_SIGN_STYLE = Automatic;
				DEVELOPMENT_TEAM = XP4S6DXCPW;
				INFOPLIST_FILE = DDAssignment/Info.plist;
				LD_RUNPATH_SEARCH_PATHS = (
					"$(inherited)",
					"@executable_path/Frameworks",
				);
				PRODUCT_BUNDLE_IDENTIFIER = com.test.test.DDAssignment;
				PRODUCT_NAME = "$(TARGET_NAME)";
				SWIFT_VERSION = 5.0;
				TARGETED_DEVICE_FAMILY = 1;
			};
			name = Release;
		};
/* End XCBuildConfiguration section */

/* Begin XCConfigurationList section */
		4596495D25BE06A000FF870F /* Build configuration list for PBXProject "DDAssignment" */ = {
			isa = XCConfigurationList;
			buildConfigurations = (
				4596497425BE06A200FF870F /* Debug */,
				4596497525BE06A200FF870F /* Release */,
			);
			defaultConfigurationIsVisible = 0;
			defaultConfigurationName = Release;
		};
		4596497625BE06A200FF870F /* Build configuration list for PBXNativeTarget "DDAssignment" */ = {
			isa = XCConfigurationList;
			buildConfigurations = (
				4596497725BE06A200FF870F /* Debug */,
				4596497825BE06A200FF870F /* Release */,
			);
			defaultConfigurationIsVisible = 0;
			defaultConfigurationName = Release;
		};
/* End XCConfigurationList section */
	};
	rootObject = 4596495A25BE06A000FF870F /* Project object */;
}
